// !$*UTF8*$!
{
	archiveVersion = 1;
	classes = {
	};
	objectVersion = 51;
	objects = {

/* Begin PBXBuildFile section */
		2D0B26AF2377C4EF00EE830B /* SamplePalettes.swift in Sources */ = {isa = PBXBuildFile; fileRef = 2D0B26AE2377C4EE00EE830B /* SamplePalettes.swift */; };
		2D0B26B12377F89700EE830B /* InfoEvent.swift in Sources */ = {isa = PBXBuildFile; fileRef = 2D0B26B02377F89700EE830B /* InfoEvent.swift */; };
		2D3E5CCD23741DF100139FC9 /* MyCell.swift in Sources */ = {isa = PBXBuildFile; fileRef = 2D3E5CCC23741DF100139FC9 /* MyCell.swift */; };
		2D7007D92371B6B10093E6CE /* AddEvent.swift in Sources */ = {isa = PBXBuildFile; fileRef = 2D7007D82371B6B00093E6CE /* AddEvent.swift */; };
		2D7007DB2371C8350093E6CE /* record.swift in Sources */ = {isa = PBXBuildFile; fileRef = 2D7007DA2371C8350093E6CE /* record.swift */; };
		2D7007DD2371DD160093E6CE /* CreateGuest.swift in Sources */ = {isa = PBXBuildFile; fileRef = 2D7007DC2371DD160093E6CE /* CreateGuest.swift */; };
		2DAF9DE723711F4200205C9A /* CreateView.swift in Sources */ = {isa = PBXBuildFile; fileRef = 2DAF9DE623711F4200205C9A /* CreateView.swift */; };
		2DC5BDD723647F58004CF142 /* AppDelegate.swift in Sources */ = {isa = PBXBuildFile; fileRef = 2DC5BDD623647F58004CF142 /* AppDelegate.swift */; };
		2DC5BDD923647F58004CF142 /* SceneDelegate.swift in Sources */ = {isa = PBXBuildFile; fileRef = 2DC5BDD823647F58004CF142 /* SceneDelegate.swift */; };
		2DC5BDDB23647F58004CF142 /* ViewController.swift in Sources */ = {isa = PBXBuildFile; fileRef = 2DC5BDDA23647F58004CF142 /* ViewController.swift */; };
		2DC5BDDE23647F58004CF142 /* Main.storyboard in Resources */ = {isa = PBXBuildFile; fileRef = 2DC5BDDC23647F58004CF142 /* Main.storyboard */; };
		2DC5BDE023647F5D004CF142 /* Assets.xcassets in Resources */ = {isa = PBXBuildFile; fileRef = 2DC5BDDF23647F5D004CF142 /* Assets.xcassets */; };
		2DC5BDE323647F5D004CF142 /* LaunchScreen.storyboard in Resources */ = {isa = PBXBuildFile; fileRef = 2DC5BDE123647F5D004CF142 /* LaunchScreen.storyboard */; };
		B5A5D4CD8D6D661432CF9AD2 /* Pods_midterm.framework in Frameworks */ = {isa = PBXBuildFile; fileRef = C6A199D2785D32A69FCAF32A /* Pods_midterm.framework */; };
/* End PBXBuildFile section */

/* Begin PBXFileReference section */
		2D0B26AE2377C4EE00EE830B /* SamplePalettes.swift */ = {isa = PBXFileReference; fileEncoding = 4; lastKnownFileType = sourcecode.swift; name = SamplePalettes.swift; path = "../../../Documents/solutions/ColorPickTip-master/Example/ColorPickTip/SamplePalettes.swift"; sourceTree = "<group>"; };
		2D0B26B02377F89700EE830B /* InfoEvent.swift */ = {isa = PBXFileReference; lastKnownFileType = sourcecode.swift; path = InfoEvent.swift; sourceTree = "<group>"; };
		2D3E5CCC23741DF100139FC9 /* MyCell.swift */ = {isa = PBXFileReference; lastKnownFileType = sourcecode.swift; path = MyCell.swift; sourceTree = "<group>"; };
		2D7007D82371B6B00093E6CE /* AddEvent.swift */ = {isa = PBXFileReference; lastKnownFileType = sourcecode.swift; path = AddEvent.swift; sourceTree = "<group>"; };
		2D7007DA2371C8350093E6CE /* record.swift */ = {isa = PBXFileReference; lastKnownFileType = sourcecode.swift; path = record.swift; sourceTree = "<group>"; };
		2D7007DC2371DD160093E6CE /* CreateGuest.swift */ = {isa = PBXFileReference; lastKnownFileType = sourcecode.swift; path = CreateGuest.swift; sourceTree = "<group>"; };
		2DAF9DE623711F4200205C9A /* CreateView.swift */ = {isa = PBXFileReference; lastKnownFileType = sourcecode.swift; path = CreateView.swift; sourceTree = "<group>"; };
		2DC5BDD323647F58004CF142 /* midterm.app */ = {isa = PBXFileReference; explicitFileType = wrapper.application; includeInIndex = 0; path = midterm.app; sourceTree = BUILT_PRODUCTS_DIR; };
		2DC5BDD623647F58004CF142 /* AppDelegate.swift */ = {isa = PBXFileReference; lastKnownFileType = sourcecode.swift; path = AppDelegate.swift; sourceTree = "<group>"; };
		2DC5BDD823647F58004CF142 /* SceneDelegate.swift */ = {isa = PBXFileReference; lastKnownFileType = sourcecode.swift; path = SceneDelegate.swift; sourceTree = "<group>"; };
		2DC5BDDA23647F58004CF142 /* ViewController.swift */ = {isa = PBXFileReference; lastKnownFileType = sourcecode.swift; path = ViewController.swift; sourceTree = "<group>"; };
		2DC5BDDD23647F58004CF142 /* Base */ = {isa = PBXFileReference; lastKnownFileType = file.storyboard; name = Base; path = Base.lproj/Main.storyboard; sourceTree = "<group>"; };
		2DC5BDDF23647F5D004CF142 /* Assets.xcassets */ = {isa = PBXFileReference; lastKnownFileType = folder.assetcatalog; path = Assets.xcassets; sourceTree = "<group>"; };
		2DC5BDE223647F5D004CF142 /* Base */ = {isa = PBXFileReference; lastKnownFileType = file.storyboard; name = Base; path = Base.lproj/LaunchScreen.storyboard; sourceTree = "<group>"; };
		2DC5BDE423647F5D004CF142 /* Info.plist */ = {isa = PBXFileReference; lastKnownFileType = text.plist.xml; path = Info.plist; sourceTree = "<group>"; };
		4DB9F4E61C2FCFFF896CF35A /* Pods-midterm.debug.xcconfig */ = {isa = PBXFileReference; includeInIndex = 1; lastKnownFileType = text.xcconfig; name = "Pods-midterm.debug.xcconfig"; path = "Target Support Files/Pods-midterm/Pods-midterm.debug.xcconfig"; sourceTree = "<group>"; };
		725D5B08DFCF6E3511795DEF /* Pods-midterm.release.xcconfig */ = {isa = PBXFileReference; includeInIndex = 1; lastKnownFileType = text.xcconfig; name = "Pods-midterm.release.xcconfig"; path = "Target Support Files/Pods-midterm/Pods-midterm.release.xcconfig"; sourceTree = "<group>"; };
		C6A199D2785D32A69FCAF32A /* Pods_midterm.framework */ = {isa = PBXFileReference; explicitFileType = wrapper.framework; includeInIndex = 0; path = Pods_midterm.framework; sourceTree = BUILT_PRODUCTS_DIR; };
/* End PBXFileReference section */

/* Begin PBXFrameworksBuildPhase section */
		2DC5BDD023647F58004CF142 /* Frameworks */ = {
			isa = PBXFrameworksBuildPhase;
			buildActionMask = 2147483647;
			files = (
				B5A5D4CD8D6D661432CF9AD2 /* Pods_midterm.framework in Frameworks */,
			);
			runOnlyForDeploymentPostprocessing = 0;
		};
/* End PBXFrameworksBuildPhase section */

/* Begin PBXGroup section */
		2DC5BDCA23647F58004CF142 = {
			isa = PBXGroup;
			children = (
				2DC5BDD523647F58004CF142 /* midterm */,
				2DC5BDD423647F58004CF142 /* Products */,
				8012C54EF0A618B4E0188852 /* Pods */,
				B9ED887F8E527EC01FD83C19 /* Frameworks */,
			);
			sourceTree = "<group>";
		};
		2DC5BDD423647F58004CF142 /* Products */ = {
			isa = PBXGroup;
			children = (
				2DC5BDD323647F58004CF142 /* midterm.app */,
			);
			name = Products;
			sourceTree = "<group>";
		};
		2DC5BDD523647F58004CF142 /* midterm */ = {
			isa = PBXGroup;
			children = (
				2D0B26AE2377C4EE00EE830B /* SamplePalettes.swift */,
				2DC5BDD623647F58004CF142 /* AppDelegate.swift */,
				2DAF9DE623711F4200205C9A /* CreateView.swift */,
				2DC5BDD823647F58004CF142 /* SceneDelegate.swift */,
				2DC5BDDA23647F58004CF142 /* ViewController.swift */,
				2DC5BDDC23647F58004CF142 /* Main.storyboard */,
				2DC5BDDF23647F5D004CF142 /* Assets.xcassets */,
				2DC5BDE123647F5D004CF142 /* LaunchScreen.storyboard */,
				2DC5BDE423647F5D004CF142 /* Info.plist */,
				2D7007D82371B6B00093E6CE /* AddEvent.swift */,
				2D7007DA2371C8350093E6CE /* record.swift */,
				2D7007DC2371DD160093E6CE /* CreateGuest.swift */,
				2D3E5CCC23741DF100139FC9 /* MyCell.swift */,
				2D0B26B02377F89700EE830B /* InfoEvent.swift */,
			);
			path = midterm;
			sourceTree = "<group>";
		};
		8012C54EF0A618B4E0188852 /* Pods */ = {
			isa = PBXGroup;
			children = (
				4DB9F4E61C2FCFFF896CF35A /* Pods-midterm.debug.xcconfig */,
				725D5B08DFCF6E3511795DEF /* Pods-midterm.release.xcconfig */,
			);
			path = Pods;
			sourceTree = "<group>";
		};
		B9ED887F8E527EC01FD83C19 /* Frameworks */ = {
			isa = PBXGroup;
			children = (
				C6A199D2785D32A69FCAF32A /* Pods_midterm.framework */,
			);
			name = Frameworks;
			sourceTree = "<group>";
		};
/* End PBXGroup section */

/* Begin PBXNativeTarget section */
		2DC5BDD223647F58004CF142 /* midterm */ = {
			isa = PBXNativeTarget;
			buildConfigurationList = 2DC5BDE723647F5D004CF142 /* Build configuration list for PBXNativeTarget "midterm" */;
			buildPhases = (
				FE74EB1463A514804347AA78 /* [CP] Check Pods Manifest.lock */,
				2DC5BDCF23647F58004CF142 /* Sources */,
				2DC5BDD023647F58004CF142 /* Frameworks */,
				2DC5BDD123647F58004CF142 /* Resources */,
				4493141D189340CB1D69A74D /* [CP] Embed Pods Frameworks */,
			);
			buildRules = (
			);
			dependencies = (
			);
			name = midterm;
			productName = midterm;
			productReference = 2DC5BDD323647F58004CF142 /* midterm.app */;
			productType = "com.apple.product-type.application";
		};
/* End PBXNativeTarget section */

/* Begin PBXProject section */
		2DC5BDCB23647F58004CF142 /* Project object */ = {
			isa = PBXProject;
			attributes = {
				LastSwiftUpdateCheck = 1100;
				LastUpgradeCheck = 1100;
				ORGANIZATIONNAME = "Lam Huong";
				TargetAttributes = {
					2DC5BDD223647F58004CF142 = {
						CreatedOnToolsVersion = 11.0;
					};
				};
			};
			buildConfigurationList = 2DC5BDCE23647F58004CF142 /* Build configuration list for PBXProject "midterm" */;
			compatibilityVersion = "Xcode 9.3";
			developmentRegion = en;
			hasScannedForEncodings = 0;
			knownRegions = (
				en,
				Base,
			);
			mainGroup = 2DC5BDCA23647F58004CF142;
			productRefGroup = 2DC5BDD423647F58004CF142 /* Products */;
			projectDirPath = "";
			projectRoot = "";
			targets = (
				2DC5BDD223647F58004CF142 /* midterm */,
			);
		};
/* End PBXProject section */

/* Begin PBXResourcesBuildPhase section */
		2DC5BDD123647F58004CF142 /* Resources */ = {
			isa = PBXResourcesBuildPhase;
			buildActionMask = 2147483647;
			files = (
				2DC5BDE323647F5D004CF142 /* LaunchScreen.storyboard in Resources */,
				2DC5BDE023647F5D004CF142 /* Assets.xcassets in Resources */,
				2DC5BDDE23647F58004CF142 /* Main.storyboard in Resources */,
			);
			runOnlyForDeploymentPostprocessing = 0;
		};
/* End PBXResourcesBuildPhase section */

/* Begin PBXShellScriptBuildPhase section */
		4493141D189340CB1D69A74D /* [CP] Embed Pods Frameworks */ = {
			isa = PBXShellScriptBuildPhase;
			buildActionMask = 2147483647;
			files = (
			);
			inputFileListPaths = (
				"${PODS_ROOT}/Target Support Files/Pods-midterm/Pods-midterm-frameworks-${CONFIGURATION}-input-files.xcfilelist",
			);
			name = "[CP] Embed Pods Frameworks";
			outputFileListPaths = (
				"${PODS_ROOT}/Target Support Files/Pods-midterm/Pods-midterm-frameworks-${CONFIGURATION}-output-files.xcfilelist",
			);
			runOnlyForDeploymentPostprocessing = 0;
			shellPath = /bin/sh;
			shellScript = "\"${PODS_ROOT}/Target Support Files/Pods-midterm/Pods-midterm-frameworks.sh\"\n";
			showEnvVarsInLog = 0;
		};
		FE74EB1463A514804347AA78 /* [CP] Check Pods Manifest.lock */ = {
			isa = PBXShellScriptBuildPhase;
			buildActionMask = 2147483647;
			files = (
			);
			inputFileListPaths = (
			);
			inputPaths = (
				"${PODS_PODFILE_DIR_PATH}/Podfile.lock",
				"${PODS_ROOT}/Manifest.lock",
			);
			name = "[CP] Check Pods Manifest.lock";
			outputFileListPaths = (
			);
			outputPaths = (
				"$(DERIVED_FILE_DIR)/Pods-midterm-checkManifestLockResult.txt",
			);
			runOnlyForDeploymentPostprocessing = 0;
			shellPath = /bin/sh;
			shellScript = "diff \"${PODS_PODFILE_DIR_PATH}/Podfile.lock\" \"${PODS_ROOT}/Manifest.lock\" > /dev/null\nif [ $? != 0 ] ; then\n    # print error to STDERR\n    echo \"error: The sandbox is not in sync with the Podfile.lock. Run 'pod install' or update your CocoaPods installation.\" >&2\n    exit 1\nfi\n# This output is used by Xcode 'outputs' to avoid re-running this script phase.\necho \"SUCCESS\" > \"${SCRIPT_OUTPUT_FILE_0}\"\n";
			showEnvVarsInLog = 0;
		};
/* End PBXShellScriptBuildPhase section */

/* Begin PBXSourcesBuildPhase section */
		2DC5BDCF23647F58004CF142 /* Sources */ = {
			isa = PBXSourcesBuildPhase;
			buildActionMask = 2147483647;
			files = (
				2D7007DB2371C8350093E6CE /* record.swift in Sources */,
				2DC5BDDB23647F58004CF142 /* ViewController.swift in Sources */,
				2D7007D92371B6B10093E6CE /* AddEvent.swift in Sources */,
				2D7007DD2371DD160093E6CE /* CreateGuest.swift in Sources */,
				2DC5BDD723647F58004CF142 /* AppDelegate.swift in Sources */,
				2D3E5CCD23741DF100139FC9 /* MyCell.swift in Sources */,
				2DAF9DE723711F4200205C9A /* CreateView.swift in Sources */,
				2D0B26AF2377C4EF00EE830B /* SamplePalettes.swift in Sources */,
				2D0B26B12377F89700EE830B /* InfoEvent.swift in Sources */,
				2DC5BDD923647F58004CF142 /* SceneDelegate.swift in Sources */,
			);
			runOnlyForDeploymentPostprocessing = 0;
		};
/* End PBXSourcesBuildPhase section */

/* Begin PBXVariantGroup section */
		2DC5BDDC23647F58004CF142 /* Main.storyboard */ = {
			isa = PBXVariantGroup;
			children = (
				2DC5BDDD23647F58004CF142 /* Base */,
			);
			name = Main.storyboard;
			sourceTree = "<group>";
		};
		2DC5BDE123647F5D004CF142 /* LaunchScreen.storyboard */ = {
			isa = PBXVariantGroup;
			children = (
				2DC5BDE223647F5D004CF142 /* Base */,
			);
			name = LaunchScreen.storyboard;
			sourceTree = "<group>";
		};
/* End PBXVariantGroup section */

/* Begin XCBuildConfiguration section */
		2DC5BDE523647F5D004CF142 /* Debug */ = {
			isa = XCBuildConfiguration;
			buildSettings = {
				ALWAYS_SEARCH_USER_PATHS = NO;
				CLANG_ANALYZER_NONNULL = YES;
				CLANG_ANALYZER_NUMBER_OBJECT_CONVERSION = YES_AGGRESSIVE;
				CLANG_CXX_LANGUAGE_STANDARD = "gnu++14";
				CLANG_CXX_LIBRARY = "libc++";
				CLANG_ENABLE_MODULES = YES;
				CLANG_ENABLE_OBJC_ARC = YES;
				CLANG_ENABLE_OBJC_WEAK = YES;
				CLANG_WARN_BLOCK_CAPTURE_AUTORELEASING = YES;
				CLANG_WARN_BOOL_CONVERSION = YES;
				CLANG_WARN_COMMA = YES;
				CLANG_WARN_CONSTANT_CONVERSION = YES;
				CLANG_WARN_DEPRECATED_OBJC_IMPLEMENTATIONS = YES;
				CLANG_WARN_DIRECT_OBJC_ISA_USAGE = YES_ERROR;
				CLANG_WARN_DOCUMENTATION_COMMENTS = YES;
				CLANG_WARN_EMPTY_BODY = YES;
				CLANG_WARN_ENUM_CONVERSION = YES;
				CLANG_WARN_INFINITE_RECURSION = YES;
				CLANG_WARN_INT_CONVERSION = YES;
				CLANG_WARN_NON_LITERAL_NULL_CONVERSION = YES;
				CLANG_WARN_OBJC_IMPLICIT_RETAIN_SELF = YES;
				CLANG_WARN_OBJC_LITERAL_CONVERSION = YES;
				CLANG_WARN_OBJC_ROOT_CLASS = YES_ERROR;
				CLANG_WARN_RANGE_LOOP_ANALYSIS = YES;
				CLANG_WARN_STRICT_PROTOTYPES = YES;
				CLANG_WARN_SUSPICIOUS_MOVE = YES;
				CLANG_WARN_UNGUARDED_AVAILABILITY = YES_AGGRESSIVE;
				CLANG_WARN_UNREACHABLE_CODE = YES;
				CLANG_WARN__DUPLICATE_METHOD_MATCH = YES;
				COPY_PHASE_STRIP = NO;
				DEBUG_INFORMATION_FORMAT = dwarf;
				ENABLE_STRICT_OBJC_MSGSEND = YES;
				ENABLE_TESTABILITY = YES;
				GCC_C_LANGUAGE_STANDARD = gnu11;
				GCC_DYNAMIC_NO_PIC = NO;
				GCC_NO_COMMON_BLOCKS = YES;
				GCC_OPTIMIZATION_LEVEL = 0;
				GCC_PREPROCESSOR_DEFINITIONS = (
					"DEBUG=1",
					"$(inherited)",
				);
				GCC_WARN_64_TO_32_BIT_CONVERSION = YES;
				GCC_WARN_ABOUT_RETURN_TYPE = YES_ERROR;
				GCC_WARN_UNDECLARED_SELECTOR = YES;
				GCC_WARN_UNINITIALIZED_AUTOS = YES_AGGRESSIVE;
				GCC_WARN_UNUSED_FUNCTION = YES;
				GCC_WARN_UNUSED_VARIABLE = YES;
				IPHONEOS_DEPLOYMENT_TARGET = 13.0;
				MTL_ENABLE_DEBUG_INFO = INCLUDE_SOURCE;
				MTL_FAST_MATH = YES;
				ONLY_ACTIVE_ARCH = YES;
				SDKROOT = iphoneos;
				SWIFT_ACTIVE_COMPILATION_CONDITIONS = DEBUG;
				SWIFT_OPTIMIZATION_LEVEL = "-Onone";
			};
			name = Debug;
		};
		2DC5BDE623647F5D004CF142 /* Release */ = {
			isa = XCBuildConfiguration;
			buildSettings = {
				ALWAYS_SEARCH_USER_PATHS = NO;
				CLANG_ANALYZER_NONNULL = YES;
				CLANG_ANALYZER_NUMBER_OBJECT_CONVERSION = YES_AGGRESSIVE;
				CLANG_CXX_LANGUAGE_STANDARD = "gnu++14";
				CLANG_CXX_LIBRARY = "libc++";
				CLANG_ENABLE_MODULES = YES;
				CLANG_ENABLE_OBJC_ARC = YES;
				CLANG_ENABLE_OBJC_WEAK = YES;
				CLANG_WARN_BLOCK_CAPTURE_AUTORELEASING = YES;
				CLANG_WARN_BOOL_CONVERSION = YES;
				CLANG_WARN_COMMA = YES;
				CLANG_WARN_CONSTANT_CONVERSION = YES;
				CLANG_WARN_DEPRECATED_OBJC_IMPLEMENTATIONS = YES;
				CLANG_WARN_DIRECT_OBJC_ISA_USAGE = YES_ERROR;
				CLANG_WARN_DOCUMENTATION_COMMENTS = YES;
				CLANG_WARN_EMPTY_BODY = YES;
				CLANG_WARN_ENUM_CONVERSION = YES;
				CLANG_WARN_INFINITE_RECURSION = YES;
				CLANG_WARN_INT_CONVERSION = YES;
				CLANG_WARN_NON_LITERAL_NULL_CONVERSION = YES;
				CLANG_WARN_OBJC_IMPLICIT_RETAIN_SELF = YES;
				CLANG_WARN_OBJC_LITERAL_CONVERSION = YES;
				CLANG_WARN_OBJC_ROOT_CLASS = YES_ERROR;
				CLANG_WARN_RANGE_LOOP_ANALYSIS = YES;
				CLANG_WARN_STRICT_PROTOTYPES = YES;
				CLANG_WARN_SUSPICIOUS_MOVE = YES;
				CLANG_WARN_UNGUARDED_AVAILABILITY = YES_AGGRESSIVE;
				CLANG_WARN_UNREACHABLE_CODE = YES;
				CLANG_WARN__DUPLICATE_METHOD_MATCH = YES;
				COPY_PHASE_STRIP = NO;
				DEBUG_INFORMATION_FORMAT = "dwarf-with-dsym";
				ENABLE_NS_ASSERTIONS = NO;
				ENABLE_STRICT_OBJC_MSGSEND = YES;
				GCC_C_LANGUAGE_STANDARD = gnu11;
				GCC_NO_COMMON_BLOCKS = YES;
				GCC_WARN_64_TO_32_BIT_CONVERSION = YES;
				GCC_WARN_ABOUT_RETURN_TYPE = YES_ERROR;
				GCC_WARN_UNDECLARED_SELECTOR = YES;
				GCC_WARN_UNINITIALIZED_AUTOS = YES_AGGRESSIVE;
				GCC_WARN_UNUSED_FUNCTION = YES;
				GCC_WARN_UNUSED_VARIABLE = YES;
				IPHONEOS_DEPLOYMENT_TARGET = 13.0;
				MTL_ENABLE_DEBUG_INFO = NO;
				MTL_FAST_MATH = YES;
				SDKROOT = iphoneos;
				SWIFT_COMPILATION_MODE = wholemodule;
				SWIFT_OPTIMIZATION_LEVEL = "-O";
				VALIDATE_PRODUCT = YES;
			};
			name = Release;
		};
		2DC5BDE823647F5D004CF142 /* Debug */ = {
			isa = XCBuildConfiguration;
			baseConfigurationReference = 4DB9F4E61C2FCFFF896CF35A /* Pods-midterm.debug.xcconfig */;
			buildSettings = {
				ASSETCATALOG_COMPILER_APPICON_NAME = AppIcon;
				CODE_SIGN_STYLE = Automatic;
				DEVELOPMENT_TEAM = UD93T2GPM2;
				INFOPLIST_FILE = midterm/Info.plist;
				LD_RUNPATH_SEARCH_PATHS = (
					"$(inherited)",
					"@executable_path/Frameworks",
				);
				PRODUCT_BUNDLE_IDENTIFIER = huonglam.midterm;
				PRODUCT_NAME = "$(TARGET_NAME)";
				SWIFT_VERSION = 5.0;
				TARGETED_DEVICE_FAMILY = "1,2";
			};
			name = Debug;
		};
		2DC5BDE923647F5D004CF142 /* Release */ = {
			isa = XCBuildConfiguration;
			baseConfigurationReference = 725D5B08DFCF6E3511795DEF /* Pods-midterm.release.xcconfig */;
			buildSettings = {
				ASSETCATALOG_COMPILER_APPICON_NAME = AppIcon;
				CODE_SIGN_STYLE = Automatic;
				DEVELOPMENT_TEAM = UD93T2GPM2;
				INFOPLIST_FILE = midterm/Info.plist;
				LD_RUNPATH_SEARCH_PATHS = (
					"$(inherited)",
					"@executable_path/Frameworks",
				);
				PRODUCT_BUNDLE_IDENTIFIER = huonglam.midterm;
				PRODUCT_NAME = "$(TARGET_NAME)";
				SWIFT_VERSION = 5.0;
				TARGETED_DEVICE_FAMILY = "1,2";
			};
			name = Release;
		};
/* End XCBuildConfiguration section */

/* Begin XCConfigurationList section */
		2DC5BDCE23647F58004CF142 /* Build configuration list for PBXProject "midterm" */ = {
			isa = XCConfigurationList;
			buildConfigurations = (
				2DC5BDE523647F5D004CF142 /* Debug */,
				2DC5BDE623647F5D004CF142 /* Release */,
			);
			defaultConfigurationIsVisible = 0;
			defaultConfigurationName = Release;
		};
		2DC5BDE723647F5D004CF142 /* Build configuration list for PBXNativeTarget "midterm" */ = {
			isa = XCConfigurationList;
			buildConfigurations = (
				2DC5BDE823647F5D004CF142 /* Debug */,
				2DC5BDE923647F5D004CF142 /* Release */,
			);
			defaultConfigurationIsVisible = 0;
			defaultConfigurationName = Release;
		};
/* End XCConfigurationList section */
	};
	rootObject = 2DC5BDCB23647F58004CF142 /* Project object */;
}
